# THIS IS AN AUTOGENERATED FILE. DO NOT EDIT THIS FILE DIRECTLY.
# yarn lockfile v1
accepts@1.3.3:
  version "1.3.3"
  resolved "https://registry.yarnpkg.com/accepts/-/accepts-1.3.3.tgz#c3ca7434938648c3e0d9c1e328dd68b622c284ca"
  dependencies:
    mime-types "~2.1.11"
    negotiator "0.6.1"

after@0.8.1:
  version "0.8.1"
  resolved "https://registry.yarnpkg.com/after/-/after-0.8.1.tgz#ab5d4fb883f596816d3515f8f791c0af486dd627"

arraybuffer.slice@0.0.6:
  version "0.0.6"
  resolved "https://registry.yarnpkg.com/arraybuffer.slice/-/arraybuffer.slice-0.0.6.tgz#f33b2159f0532a3f3107a272c0ccfbd1ad2979ca"

backo2@1.0.2:
  version "1.0.2"
  resolved "https://registry.yarnpkg.com/backo2/-/backo2-1.0.2.tgz#31ab1ac8b129363463e35b3ebb69f4dfcfba7947"

base64-arraybuffer@0.1.5:
  version "0.1.5"
  resolved "https://registry.yarnpkg.com/base64-arraybuffer/-/base64-arraybuffer-0.1.5.tgz#73926771923b5a19747ad666aa5cd4bf9c6e9ce8"

base64-url@^1.2.1:
  version "1.3.2"
  resolved "https://registry.yarnpkg.com/base64-url/-/base64-url-1.3.2.tgz#4b08113b49d23889f306be64372762d31412f7a8"

base64id@0.1.0:
  version "0.1.0"
  resolved "https://registry.yarnpkg.com/base64id/-/base64id-0.1.0.tgz#02ce0fdeee0cef4f40080e1e73e834f0b1bfce3f"

base64url@~1.0.4:
  version "1.0.6"
  resolved "https://registry.yarnpkg.com/base64url/-/base64url-1.0.6.tgz#d64d375d68a7c640d912e2358d170dca5bb54681"
  dependencies:
    concat-stream "~1.4.7"
    meow "~2.0.0"

benchmark@1.0.0:
  version "1.0.0"
  resolved "https://registry.yarnpkg.com/benchmark/-/benchmark-1.0.0.tgz#2f1e2fa4c359f11122aa183082218e957e390c73"

better-assert@~1.0.0:
  version "1.0.2"
  resolved "https://registry.yarnpkg.com/better-assert/-/better-assert-1.0.2.tgz#40866b9e1b9e0b55b481894311e68faffaebc522"
  dependencies:
    callsite "1.0.0"

blob@0.0.4:
  version "0.0.4"
  resolved "https://registry.yarnpkg.com/blob/-/blob-0.0.4.tgz#bcf13052ca54463f30f9fc7e95b9a47630a94921"

bluebird@^3.3.4:
  version "3.4.6"
  resolved "https://registry.yarnpkg.com/bluebird/-/bluebird-3.4.6.tgz#01da8d821d87813d158967e743d5fe6c62cf8c0f"

buffer-equal-constant-time@^1.0.1:
  version "1.0.1"
  resolved "https://registry.yarnpkg.com/buffer-equal-constant-time/-/buffer-equal-constant-time-1.0.1.tgz#f8e71132f7ffe6e01a5c9697a4c6f3e48d5cc819"

callsite@1.0.0:
  version "1.0.0"
  resolved "https://registry.yarnpkg.com/callsite/-/callsite-1.0.0.tgz#280398e5d664bd74038b6f0905153e6e8af1bc20"

camelcase-keys@^1.0.0:
  version "1.0.0"
  resolved "https://registry.yarnpkg.com/camelcase-keys/-/camelcase-keys-1.0.0.tgz#bd1a11bf9b31a1ce493493a930de1a0baf4ad7ec"
  dependencies:
    camelcase "^1.0.1"
    map-obj "^1.0.0"

camelcase@^1.0.1:
  version "1.2.1"
  resolved "https://registry.yarnpkg.com/camelcase/-/camelcase-1.2.1.tgz#9bb5304d2e0b56698b2c758b08a3eaa9daa58a39"

cluster-key-slot@^1.0.6:
  version "1.0.8"
  resolved "https://registry.yarnpkg.com/cluster-key-slot/-/cluster-key-slot-1.0.8.tgz#7654556085a65330932a2e8b5976f8e2d0b3e414"

component-bind@1.0.0:
  version "1.0.0"
  resolved "https://registry.yarnpkg.com/component-bind/-/component-bind-1.0.0.tgz#00c608ab7dcd93897c0009651b1d3a8e1e73bbd1"

component-emitter@1.1.2:
  version "1.1.2"
  resolved "https://registry.yarnpkg.com/component-emitter/-/component-emitter-1.1.2.tgz#296594f2753daa63996d2af08d15a95116c9aec3"

component-emitter@1.2.0:
  version "1.2.0"
  resolved "https://registry.yarnpkg.com/component-emitter/-/component-emitter-1.2.0.tgz#ccd113a86388d06482d03de3fc7df98526ba8efe"

component-inherit@0.0.3:
  version "0.0.3"
  resolved "https://registry.yarnpkg.com/component-inherit/-/component-inherit-0.0.3.tgz#645fc4adf58b72b649d5cae65135619db26ff143"

concat-stream@~1.4.7:
  version "1.4.10"
  resolved "https://registry.yarnpkg.com/concat-stream/-/concat-stream-1.4.10.tgz#acc3bbf5602cb8cc980c6ac840fa7d8603e3ef36"
  dependencies:
    inherits "~2.0.1"
    readable-stream "~1.1.9"
    typedarray "~0.0.5"

core-util-is@~1.0.0:
  version "1.0.2"
  resolved "https://registry.yarnpkg.com/core-util-is/-/core-util-is-1.0.2.tgz#b5fd54220aa2bc5ab57aab7140c940754503c1a7"

debug@^2.2.0, debug@2.2.0:
  version "2.2.0"
  resolved "https://registry.yarnpkg.com/debug/-/debug-2.2.0.tgz#f87057e995b1a1f6ae6a4960664137bc56f039da"
  dependencies:
    ms "0.7.1"

debug@0.7.4:
  version "0.7.4"
  resolved "https://registry.yarnpkg.com/debug/-/debug-0.7.4.tgz#06e1ea8082c2cb14e39806e22e2f6f757f92af39"

dotenv@^2.0.0:
  version "2.0.0"
  resolved "https://registry.yarnpkg.com/dotenv/-/dotenv-2.0.0.tgz#bd759c357aaa70365e01c96b7b0bec08a6e0d949"

double-ended-queue@^2.1.0-0:
  version "2.1.0-0"
  resolved "https://registry.yarnpkg.com/double-ended-queue/-/double-ended-queue-2.1.0-0.tgz#103d3527fd31528f40188130c841efdd78264e5c"

ecdsa-sig-formatter@^1.0.0:
  version "1.0.7"
  resolved "https://registry.yarnpkg.com/ecdsa-sig-formatter/-/ecdsa-sig-formatter-1.0.7.tgz#3137e976a1d6232517e2513e04e32f79bcbdf126"
  dependencies:
    base64-url "^1.2.1"

engine.io-client@1.7.0:
  version "1.7.0"
  resolved "https://registry.yarnpkg.com/engine.io-client/-/engine.io-client-1.7.0.tgz#0bb81d3563ab7afb668f1e1b400c9403b03006ee"
  dependencies:
    component-emitter "1.1.2"
    component-inherit "0.0.3"
    debug "2.2.0"
    engine.io-parser "1.3.0"
    has-cors "1.1.0"
    indexof "0.0.1"
    parsejson "0.0.1"
    parseqs "0.0.2"
    parseuri "0.0.4"
    ws "1.1.1"
    xmlhttprequest-ssl "1.5.1"
    yeast "0.1.2"

engine.io-parser@1.3.0:
  version "1.3.0"
  resolved "https://registry.yarnpkg.com/engine.io-parser/-/engine.io-parser-1.3.0.tgz#61a35c7f3a3ccd1b179e4f52257a7a8cfacaeb21"
  dependencies:
    after "0.8.1"
    arraybuffer.slice "0.0.6"
    base64-arraybuffer "0.1.5"
    blob "0.0.4"
    has-binary "0.1.6"
    wtf-8 "1.0.0"

engine.io@1.7.0:
  version "1.7.0"
  resolved "https://registry.yarnpkg.com/engine.io/-/engine.io-1.7.0.tgz#a417857af4995d9bbdf8a0e03a87e473ebe64fbe"
  dependencies:
    accepts "1.3.3"
    base64id "0.1.0"
    debug "2.2.0"
    engine.io-parser "1.3.0"
    ws "1.1.1"

flexbuffer@0.0.6:
  version "0.0.6"
  resolved "https://registry.yarnpkg.com/flexbuffer/-/flexbuffer-0.0.6.tgz#039fdf23f8823e440c38f3277e6fef1174215b30"

get-stdin@^4.0.1:
  version "4.0.1"
  resolved "https://registry.yarnpkg.com/get-stdin/-/get-stdin-4.0.1.tgz#b968c6b0a04384324902e8bf1a5df32579a450fe"

has-binary@0.1.6:
  version "0.1.6"
  resolved "https://registry.yarnpkg.com/has-binary/-/has-binary-0.1.6.tgz#25326f39cfa4f616ad8787894e3af2cfbc7b6e10"
  dependencies:
    isarray "0.0.1"

has-binary@0.1.7:
  version "0.1.7"
  resolved "https://registry.yarnpkg.com/has-binary/-/has-binary-0.1.7.tgz#68e61eb16210c9545a0a5cce06a873912fe1e68c"
  dependencies:
    isarray "0.0.1"

has-cors@1.1.0:
  version "1.1.0"
  resolved "https://registry.yarnpkg.com/has-cors/-/has-cors-1.1.0.tgz#5e474793f7ea9843d1bb99c23eef49ff126fff39"

hoek@2.x.x:
  version "2.16.3"
  resolved "https://registry.yarnpkg.com/hoek/-/hoek-2.16.3.tgz#20bb7403d3cea398e91dc4710a8ff1b8274a25ed"

indent-string@^1.1.0:
  version "1.2.2"
  resolved "https://registry.yarnpkg.com/indent-string/-/indent-string-1.2.2.tgz#db99bcc583eb6abbb1e48dcbb1999a986041cb6b"
  dependencies:
    get-stdin "^4.0.1"
    minimist "^1.1.0"
    repeating "^1.1.0"

indexof@0.0.1:
  version "0.0.1"
  resolved "https://registry.yarnpkg.com/indexof/-/indexof-0.0.1.tgz#82dc336d232b9062179d05ab3293a66059fd435d"

inherits@~2.0.1:
  version "2.0.3"
  resolved "https://registry.yarnpkg.com/inherits/-/inherits-2.0.3.tgz#633c2c83e3da42a502f52466022480f4208261de"

ioredis@^2.2.0:
  version "2.4.0"
  resolved "https://registry.yarnpkg.com/ioredis/-/ioredis-2.4.0.tgz#963f7bfbc86e5c40ea586857e14ebfb548142a88"
  dependencies:
    bluebird "^3.3.4"
    cluster-key-slot "^1.0.6"
    debug "^2.2.0"
    double-ended-queue "^2.1.0-0"
    flexbuffer "0.0.6"
    lodash "^4.8.2"
    redis-commands "^1.2.0"
    redis-parser "^1.3.0"

is-finite@^1.0.0:
  version "1.0.2"
  resolved "https://registry.yarnpkg.com/is-finite/-/is-finite-1.0.2.tgz#cc6677695602be550ef11e8b4aa6305342b6d0aa"
  dependencies:
    number-is-nan "^1.0.0"

isarray@0.0.1:
  version "0.0.1"
  resolved "https://registry.yarnpkg.com/isarray/-/isarray-0.0.1.tgz#8a18acfca9a8f4177e09abfc6038939b05d1eedf"

isemail@1.x.x:
  version "1.2.0"
  resolved "https://registry.yarnpkg.com/isemail/-/isemail-1.2.0.tgz#be03df8cc3e29de4d2c5df6501263f1fa4595e9a"

joi@^6.10.1:
  version "6.10.1"
  resolved "https://registry.yarnpkg.com/joi/-/joi-6.10.1.tgz#4d50c318079122000fe5f16af1ff8e1917b77e06"
  dependencies:
    hoek "2.x.x"
    isemail "1.x.x"
    moment "2.x.x"
    topo "1.x.x"

json3@3.2.6:
  version "3.2.6"
  resolved "https://registry.yarnpkg.com/json3/-/json3-3.2.6.tgz#f6efc93c06a04de9aec53053df2559bb19e2038b"

json3@3.3.2:
  version "3.3.2"
  resolved "https://registry.yarnpkg.com/json3/-/json3-3.3.2.tgz#3c0434743df93e2f5c42aee7b19bcb483575f4e1"

jsonwebtoken@^7.0.0:
  version "7.1.9"
  resolved "https://registry.yarnpkg.com/jsonwebtoken/-/jsonwebtoken-7.1.9.tgz#847804e5258bec5a9499a8dc4a5e7a3bae08d58a"
  dependencies:
    joi "^6.10.1"
    jws "^3.1.3"
    lodash.once "^4.0.0"
    ms "^0.7.1"
    xtend "^4.0.1"

jwa@^1.1.2:
  version "1.1.3"
  resolved "https://registry.yarnpkg.com/jwa/-/jwa-1.1.3.tgz#fa9f2f005ff0c630e7c41526a31f37f79733cd6d"
  dependencies:
    base64url "~1.0.4"
    buffer-equal-constant-time "^1.0.1"
    ecdsa-sig-formatter "^1.0.0"

jws@^3.1.3:
  version "3.1.3"
  resolved "https://registry.yarnpkg.com/jws/-/jws-3.1.3.tgz#b88f1b4581a2c5ee8813c06b3fdf90ea9b5c7e6c"
  dependencies:
    base64url "~1.0.4"
    jwa "^1.1.2"

lodash.once@^4.0.0:
  version "4.1.1"
  resolved "https://registry.yarnpkg.com/lodash.once/-/lodash.once-4.1.1.tgz#0dd3971213c7c56df880977d504c88fb471a97ac"

lodash@^4.8.2:
  version "4.16.4"
  resolved "https://registry.yarnpkg.com/lodash/-/lodash-4.16.4.tgz#01ce306b9bad1319f2a5528674f88297aeb70127"

map-obj@^1.0.0:
  version "1.0.1"
  resolved "https://registry.yarnpkg.com/map-obj/-/map-obj-1.0.1.tgz#d933ceb9205d82bdcf4886f6742bdc2b4dea146d"

meow@~2.0.0:
  version "2.0.0"
  resolved "https://registry.yarnpkg.com/meow/-/meow-2.0.0.tgz#8f530a8ecf5d40d3f4b4df93c3472900fba2a8f1"
  dependencies:
    camelcase-keys "^1.0.0"
    indent-string "^1.1.0"
    minimist "^1.1.0"
    object-assign "^1.0.0"

mime-db@~1.24.0:
  version "1.24.0"
  resolved "https://registry.yarnpkg.com/mime-db/-/mime-db-1.24.0.tgz#e2d13f939f0016c6e4e9ad25a8652f126c467f0c"

mime-types@~2.1.11:
  version "2.1.12"
  resolved "https://registry.yarnpkg.com/mime-types/-/mime-types-2.1.12.tgz#152ba256777020dd4663f54c2e7bc26381e71729"
  dependencies:
    mime-db "~1.24.0"

minimist@^1.1.0:
  version "1.2.0"
  resolved "https://registry.yarnpkg.com/minimist/-/minimist-1.2.0.tgz#a35008b20f41383eec1fb914f4cd5df79a264284"

moment@2.x.x:
  version "2.15.1"
  resolved "https://registry.yarnpkg.com/moment/-/moment-2.15.1.tgz#e979c2a29e22888e60f396f2220a6118f85cd94c"

ms@^0.7.1, ms@0.7.1:
  version "0.7.1"
  resolved "https://registry.yarnpkg.com/ms/-/ms-0.7.1.tgz#9cd13c03adbff25b65effde7ce864ee952017098"

negotiator@0.6.1:
  version "0.6.1"
  resolved "https://registry.yarnpkg.com/negotiator/-/negotiator-0.6.1.tgz#2b327184e8992101177b28563fb5e7102acd0ca9"

number-is-nan@^1.0.0:
  version "1.0.1"
  resolved "https://registry.yarnpkg.com/number-is-nan/-/number-is-nan-1.0.1.tgz#097b602b53422a522c1afb8790318336941a011d"

object-assign@^1.0.0:
  version "1.0.0"
  resolved "https://registry.yarnpkg.com/object-assign/-/object-assign-1.0.0.tgz#e65dc8766d3b47b4b8307465c8311da030b070a6"

object-component@0.0.3:
  version "0.0.3"
  resolved "https://registry.yarnpkg.com/object-component/-/object-component-0.0.3.tgz#f0c69aa50efc95b866c186f400a33769cb2f1291"

options@>=0.0.5:
  version "0.0.6"
  resolved "https://registry.yarnpkg.com/options/-/options-0.0.6.tgz#ec22d312806bb53e731773e7cdaefcf1c643128f"

parsejson@0.0.1:
  version "0.0.1"
  resolved "https://registry.yarnpkg.com/parsejson/-/parsejson-0.0.1.tgz#9b10c6c0d825ab589e685153826de0a3ba278bcc"
  dependencies:
    better-assert "~1.0.0"

parseqs@0.0.2:
  version "0.0.2"
  resolved "https://registry.yarnpkg.com/parseqs/-/parseqs-0.0.2.tgz#9dfe70b2cddac388bde4f35b1f240fa58adbe6c7"
  dependencies:
    better-assert "~1.0.0"

parseuri@0.0.4:
  version "0.0.4"
  resolved "https://registry.yarnpkg.com/parseuri/-/parseuri-0.0.4.tgz#806582a39887e1ea18dd5e2fe0e01902268e9350"
  dependencies:
    better-assert "~1.0.0"

readable-stream@~1.1.9:
  version "1.1.14"
  resolved "https://registry.yarnpkg.com/readable-stream/-/readable-stream-1.1.14.tgz#7cf4c54ef648e3813084c636dd2079e166c081d9"
  dependencies:
    core-util-is "~1.0.0"
    inherits "~2.0.1"
    isarray "0.0.1"
    string_decoder "~0.10.x"

redis-commands@^1.2.0:
  version "1.2.0"
  resolved "https://registry.yarnpkg.com/redis-commands/-/redis-commands-1.2.0.tgz#4808e7a0fcb1d3609bec56eecc3532dacbab981c"

redis-parser@^1.3.0:
  version "1.3.0"
  resolved "https://registry.yarnpkg.com/redis-parser/-/redis-parser-1.3.0.tgz#806ebe7bbfb7d34e4d7c1e9ef282efcfad04126a"

repeating@^1.1.0:
  version "1.1.3"
  resolved "https://registry.yarnpkg.com/repeating/-/repeating-1.1.3.tgz#3d4114218877537494f97f77f9785fab810fa4ac"
  dependencies:
    is-finite "^1.0.0"

socket.io-adapter@0.4.0:
  version "0.4.0"
  resolved "https://registry.yarnpkg.com/socket.io-adapter/-/socket.io-adapter-0.4.0.tgz#fb9f82ab1aa65290bf72c3657955b930a991a24f"
  dependencies:
    debug "2.2.0"
    socket.io-parser "2.2.2"

socket.io-client@1.5.0:
  version "1.5.0"
  resolved "https://registry.yarnpkg.com/socket.io-client/-/socket.io-client-1.5.0.tgz#08232d0adb5a665a7c24bd9796557a33f58f38ae"
  dependencies:
    backo2 "1.0.2"
    component-bind "1.0.0"
    component-emitter "1.2.0"
    debug "2.2.0"
    engine.io-client "1.7.0"
    has-binary "0.1.7"
    indexof "0.0.1"
    object-component "0.0.3"
    parseuri "0.0.4"
    socket.io-parser "2.2.6"
    to-array "0.1.4"

socket.io-parser@2.2.2:
  version "2.2.2"
  resolved "https://registry.yarnpkg.com/socket.io-parser/-/socket.io-parser-2.2.2.tgz#3d7af6b64497e956b7d9fe775f999716027f9417"
  dependencies:
    benchmark "1.0.0"
    component-emitter "1.1.2"
    debug "0.7.4"
    isarray "0.0.1"
    json3 "3.2.6"

socket.io-parser@2.2.6:
  version "2.2.6"
  resolved "https://registry.yarnpkg.com/socket.io-parser/-/socket.io-parser-2.2.6.tgz#38dfd61df50dcf8ab1d9e2091322bf902ba28b99"
  dependencies:
    benchmark "1.0.0"
    component-emitter "1.1.2"
    debug "2.2.0"
    isarray "0.0.1"
    json3 "3.3.2"

socket.io@^1.4.5:
  version "1.5.0"
  resolved "https://registry.yarnpkg.com/socket.io/-/socket.io-1.5.0.tgz#024dd9719d9267d6a6984eebe2ab5ceb9a0b8a98"
  dependencies:
    debug "2.2.0"
    engine.io "1.7.0"
    has-binary "0.1.7"
    socket.io-adapter "0.4.0"
    socket.io-client "1.5.0"
    socket.io-parser "2.2.6"

string_decoder@~0.10.x:
  version "0.10.31"
  resolved "https://registry.yarnpkg.com/string_decoder/-/string_decoder-0.10.31.tgz#62e203bc41766c6c28c9fc84301dab1c5310fa94"

to-array@0.1.4:
  version "0.1.4"
  resolved "https://registry.yarnpkg.com/to-array/-/to-array-0.1.4.tgz#17e6c11f73dd4f3d74cda7a4ff3238e9ad9bf890"

topo@1.x.x:
  version "1.1.0"
  resolved "https://registry.yarnpkg.com/topo/-/topo-1.1.0.tgz#e9d751615d1bb87dc865db182fa1ca0a5ef536d5"
  dependencies:
    hoek "2.x.x"

typedarray@~0.0.5:
  version "0.0.6"
  resolved "https://registry.yarnpkg.com/typedarray/-/typedarray-0.0.6.tgz#867ac74e3864187b1d3d47d996a78ec5c8830777"

ultron@1.0.x:
  version "1.0.2"
  resolved "https://registry.yarnpkg.com/ultron/-/ultron-1.0.2.tgz#ace116ab557cd197386a4e88f4685378c8b2e4fa"

ws@1.1.1:
  version "1.1.1"
  resolved "https://registry.yarnpkg.com/ws/-/ws-1.1.1.tgz#082ddb6c641e85d4bb451f03d52f06eabdb1f018"
  dependencies:
    options ">=0.0.5"
    ultron "1.0.x"

wtf-8@1.0.0:
  version "1.0.0"
  resolved "https://registry.yarnpkg.com/wtf-8/-/wtf-8-1.0.0.tgz#392d8ba2d0f1c34d1ee2d630f15d0efb68e1048a"

xmlhttprequest-ssl@1.5.1:
  version "1.5.1"
  resolved "https://registry.yarnpkg.com/xmlhttprequest-ssl/-/xmlhttprequest-ssl-1.5.1.tgz#3b7741fea4a86675976e908d296d4445961faa67"

xtend@^4.0.1:
  version "4.0.1"
  resolved "https://registry.yarnpkg.com/xtend/-/xtend-4.0.1.tgz#a5c6d532be656e23db820efb943a1f04998d63af"

yeast@0.1.2:
  version "0.1.2"
  resolved "https://registry.yarnpkg.com/yeast/-/yeast-0.1.2.tgz#008e06d8094320c372dbc2f8ed76a0ca6c8ac419"
